// !$*UTF8*$!
{
	archiveVersion = 1;
	classes = {
	};
	objectVersion = 46;
	objects = {

/* Begin PBXBuildFile section */
		4BB9D3261D10226D005E43CA /* main.m in Sources */ = {isa = PBXBuildFile; fileRef = 4BB9D3251D10226D005E43CA /* main.m */; };
		4BB9D3291D10226D005E43CA /* AppDelegate.m in Sources */ = {isa = PBXBuildFile; fileRef = 4BB9D3281D10226D005E43CA /* AppDelegate.m */; };
		4BB9D32C1D10226D005E43CA /* ViewController.m in Sources */ = {isa = PBXBuildFile; fileRef = 4BB9D32B1D10226D005E43CA /* ViewController.m */; };
		4BB9D32F1D10226D005E43CA /* Main.storyboard in Resources */ = {isa = PBXBuildFile; fileRef = 4BB9D32D1D10226D005E43CA /* Main.storyboard */; };
		4BB9D3311D10226D005E43CA /* Assets.xcassets in Resources */ = {isa = PBXBuildFile; fileRef = 4BB9D3301D10226D005E43CA /* Assets.xcassets */; };
		4BB9D3341D10226D005E43CA /* LaunchScreen.storyboard in Resources */ = {isa = PBXBuildFile; fileRef = 4BB9D3321D10226D005E43CA /* LaunchScreen.storyboard */; };
/* End PBXBuildFile section */

/* Begin PBXFileReference section */
		4BB9D3211D10226D005E43CA /* 网易新闻.app */ = {isa = PBXFileReference; explicitFileType = wrapper.application; includeInIndex = 0; path = "网易新闻.app"; sourceTree = BUILT_PRODUCTS_DIR; };
		4BB9D3251D10226D005E43CA /* main.m */ = {isa = PBXFileReference; lastKnownFileType = sourcecode.c.objc; path = main.m; sourceTree = "<group>"; };
		4BB9D3271D10226D005E43CA /* AppDelegate.h */ = {isa = PBXFileReference; lastKnownFileType = sourcecode.c.h; path = AppDelegate.h; sourceTree = "<group>"; };
		4BB9D3281D10226D005E43CA /* AppDelegate.m */ = {isa = PBXFileReference; lastKnownFileType = sourcecode.c.objc; path = AppDelegate.m; sourceTree = "<group>"; };
		4BB9D32A1D10226D005E43CA /* ViewController.h */ = {isa = PBXFileReference; lastKnownFileType = sourcecode.c.h; path = ViewController.h; sourceTree = "<group>"; };
		4BB9D32B1D10226D005E43CA /* ViewController.m */ = {isa = PBXFileReference; lastKnownFileType = sourcecode.c.objc; path = ViewController.m; sourceTree = "<group>"; };
		4BB9D32E1D10226D005E43CA /* Base */ = {isa = PBXFileReference; lastKnownFileType = file.storyboard; name = Base; path = Base.lproj/Main.storyboard; sourceTree = "<group>"; };
		4BB9D3301D10226D005E43CA /* Assets.xcassets */ = {isa = PBXFileReference; lastKnownFileType = folder.assetcatalog; path = Assets.xcassets; sourceTree = "<group>"; };
		4BB9D3331D10226D005E43CA /* Base */ = {isa = PBXFileReference; lastKnownFileType = file.storyboard; name = Base; path = Base.lproj/LaunchScreen.storyboard; sourceTree = "<group>"; };
		4BB9D3351D10226D005E43CA /* Info.plist */ = {isa = PBXFileReference; lastKnownFileType = text.plist.xml; path = Info.plist; sourceTree = "<group>"; };
/* End PBXFileReference section */

/* Begin PBXFrameworksBuildPhase section */
		4BB9D31E1D10226C005E43CA /* Frameworks */ = {
			isa = PBXFrameworksBuildPhase;
			buildActionMask = 2147483647;
			files = (
			);
			runOnlyForDeploymentPostprocessing = 0;
		};
/* End PBXFrameworksBuildPhase section */

/* Begin PBXGroup section */
		4BB9D3181D10226C005E43CA = {
			isa = PBXGroup;
			children = (
				4BB9D3231D10226D005E43CA /* 网易新闻 */,
				4BB9D3221D10226D005E43CA /* Products */,
			);
			sourceTree = "<group>";
		};
		4BB9D3221D10226D005E43CA /* Products */ = {
			isa = PBXGroup;
			children = (
				4BB9D3211D10226D005E43CA /* 网易新闻.app */,
			);
			name = Products;
			sourceTree = "<group>";
		};
		4BB9D3231D10226D005E43CA /* 网易新闻 */ = {
			isa = PBXGroup;
			children = (
				4BB9D3271D10226D005E43CA /* AppDelegate.h */,
				4BB9D3281D10226D005E43CA /* AppDelegate.m */,
				4BB9D32A1D10226D005E43CA /* ViewController.h */,
				4BB9D32B1D10226D005E43CA /* ViewController.m */,
				4BB9D32D1D10226D005E43CA /* Main.storyboard */,
				4BB9D3301D10226D005E43CA /* Assets.xcassets */,
				4BB9D3321D10226D005E43CA /* LaunchScreen.storyboard */,
				4BB9D3351D10226D005E43CA /* Info.plist */,
				4BB9D3241D10226D005E43CA /* Supporting Files */,
			);
			path = "网易新闻";
			sourceTree = "<group>";
		};
		4BB9D3241D10226D005E43CA /* Supporting Files */ = {
			isa = PBXGroup;
			children = (
				4BB9D3251D10226D005E43CA /* main.m */,
			);
			name = "Supporting Files";
			sourceTree = "<group>";
		};
/* End PBXGroup section */

/* Begin PBXNativeTarget section */
		4BB9D3201D10226C005E43CA /* 网易新闻 */ = {
			isa = PBXNativeTarget;
			buildConfigurationList = 4BB9D3381D10226D005E43CA /* Build configuration list for PBXNativeTarget "网易新闻" */;
			buildPhases = (
				4BB9D31D1D10226C005E43CA /* Sources */,
				4BB9D31E1D10226C005E43CA /* Frameworks */,
				4BB9D31F1D10226C005E43CA /* Resources */,
			);
			buildRules = (
			);
			dependencies = (
			);
			name = "网易新闻";
			productName = "网易新闻";
			productReference = 4BB9D3211D10226D005E43CA /* 网易新闻.app */;
			productType = "com.apple.product-type.application";
		};
/* End PBXNativeTarget section */

/* Begin PBXProject section */
		4BB9D3191D10226C005E43CA /* Project object */ = {
			isa = PBXProject;
			attributes = {
				LastUpgradeCheck = 0720;
				ORGANIZATIONNAME = "李洋";
				TargetAttributes = {
					4BB9D3201D10226C005E43CA = {
						CreatedOnToolsVersion = 7.2.1;
					};
				};
			};
			buildConfigurationList = 4BB9D31C1D10226C005E43CA /* Build configuration list for PBXProject "网易新闻" */;
			compatibilityVersion = "Xcode 3.2";
			developmentRegion = English;
			hasScannedForEncodings = 0;
			knownRegions = (
				en,
				Base,
			);
			mainGroup = 4BB9D3181D10226C005E43CA;
			productRefGroup = 4BB9D3221D10226D005E43CA /* Products */;
			projectDirPath = "";
			projectRoot = "";
			targets = (
				4BB9D3201D10226C005E43CA /* 网易新闻 */,
			);
		};
/* End PBXProject section */

/* Begin PBXResourcesBuildPhase section */
		4BB9D31F1D10226C005E43CA /* Resources */ = {
			isa = PBXResourcesBuildPhase;
			buildActionMask = 2147483647;
			files = (
				4BB9D3341D10226D005E43CA /* LaunchScreen.storyboard in Resources */,
				4BB9D3311D10226D005E43CA /* Assets.xcassets in Resources */,
				4BB9D32F1D10226D005E43CA /* Main.storyboard in Resources */,
			);
			runOnlyForDeploymentPostprocessing = 0;
		};
/* End PBXResourcesBuildPhase section */

/* Begin PBXSourcesBuildPhase section */
		4BB9D31D1D10226C005E43CA /* Sources */ = {
			isa = PBXSourcesBuildPhase;
			buildActionMask = 2147483647;
			files = (
				4BB9D32C1D10226D005E43CA /* ViewController.m in Sources */,
				4BB9D3291D10226D005E43CA /* AppDelegate.m in Sources */,
				4BB9D3261D10226D005E43CA /* main.m in Sources */,
			);
			runOnlyForDeploymentPostprocessing = 0;
		};
/* End PBXSourcesBuildPhase section */

/* Begin PBXVariantGroup section */
		4BB9D32D1D10226D005E43CA /* Main.storyboard */ = {
			isa = PBXVariantGroup;
			children = (
				4BB9D32E1D10226D005E43CA /* Base */,
			);
			name = Main.storyboard;
			sourceTree = "<group>";
		};
		4BB9D3321D10226D005E43CA /* LaunchScreen.storyboard */ = {
			isa = PBXVariantGroup;
			children = (
				4BB9D3331D10226D005E43CA /* Base */,
			);
			name = LaunchScreen.storyboard;
			sourceTree = "<group>";
		};
/* End PBXVariantGroup section */

/* Begin XCBuildConfiguration section */
		4BB9D3361D10226D005E43CA /* Debug */ = {
			isa = XCBuildConfiguration;
			buildSettings = {
				ALWAYS_SEARCH_USER_PATHS = NO;
				CLANG_CXX_LANGUAGE_STANDARD = "gnu++0x";
				CLANG_CXX_LIBRARY = "libc++";
				CLANG_ENABLE_MODULES = YES;
				CLANG_ENABLE_OBJC_ARC = YES;
				CLANG_WARN_BOOL_CONVERSION = YES;
				CLANG_WARN_CONSTANT_CONVERSION = YES;
				CLANG_WARN_DIRECT_OBJC_ISA_USAGE = YES_ERROR;
				CLANG_WARN_EMPTY_BODY = YES;
				CLANG_WARN_ENUM_CONVERSION = YES;
				CLANG_WARN_INT_CONVERSION = YES;
				CLANG_WARN_OBJC_ROOT_CLASS = YES_ERROR;
				CLANG_WARN_UNREACHABLE_CODE = YES;
				CLANG_WARN__DUPLICATE_METHOD_MATCH = YES;
				"CODE_SIGN_IDENTITY[sdk=iphoneos*]" = "iPhone Developer";
				COPY_PHASE_STRIP = NO;
				DEBUG_INFORMATION_FORMAT = dwarf;
				ENABLE_STRICT_OBJC_MSGSEND = YES;
				ENABLE_TESTABILITY = YES;
				GCC_C_LANGUAGE_STANDARD = gnu99;
				GCC_DYNAMIC_NO_PIC = NO;
				GCC_NO_COMMON_BLOCKS = YES;
				GCC_OPTIMIZATION_LEVEL = 0;
				GCC_PREPROCESSOR_DEFINITIONS = (
					"DEBUG=1",
					"$(inherited)",
				);
				GCC_WARN_64_TO_32_BIT_CONVERSION = YES;
				GCC_WARN_ABOUT_RETURN_TYPE = YES_ERROR;
				GCC_WARN_UNDECLARED_SELECTOR = YES;
				GCC_WARN_UNINITIALIZED_AUTOS = YES_AGGRESSIVE;
				GCC_WARN_UNUSED_FUNCTION = YES;
				GCC_WARN_UNUSED_VARIABLE = YES;
				IPHONEOS_DEPLOYMENT_TARGET = 9.2;
				MTL_ENABLE_DEBUG_INFO = YES;
				ONLY_ACTIVE_ARCH = YES;
				SDKROOT = iphoneos;
				TARGETED_DEVICE_FAMILY = "1,2";
			};
			name = Debug;
		};
		4BB9D3371D10226D005E43CA /* Release */ = {
			isa = XCBuildConfiguration;
			buildSettings = {
				ALWAYS_SEARCH_USER_PATHS = NO;
				CLANG_CXX_LANGUAGE_STANDARD = "gnu++0x";
				CLANG_CXX_LIBRARY = "libc++";
				CLANG_ENABLE_MODULES = YES;
				CLANG_ENABLE_OBJC_ARC = YES;
				CLANG_WARN_BOOL_CONVERSION = YES;
				CLANG_WARN_CONSTANT_CONVERSION = YES;
				CLANG_WARN_DIRECT_OBJC_ISA_USAGE = YES_ERROR;
				CLANG_WARN_EMPTY_BODY = YES;
				CLANG_WARN_ENUM_CONVERSION = YES;
				CLANG_WARN_INT_CONVERSION = YES;
				CLANG_WARN_OBJC_ROOT_CLASS = YES_ERROR;
				CLANG_WARN_UNREACHABLE_CODE = YES;
				CLANG_WARN__DUPLICATE_METHOD_MATCH = YES;
				"CODE_SIGN_IDENTITY[sdk=iphoneos*]" = "iPhone Developer";
				COPY_PHASE_STRIP = NO;
				DEBUG_INFORMATION_FORMAT = "dwarf-with-dsym";
				ENABLE_NS_ASSERTIONS = NO;
				ENABLE_STRICT_OBJC_MSGSEND = YES;
				GCC_C_LANGUAGE_STANDARD = gnu99;
				GCC_NO_COMMON_BLOCKS = YES;
				GCC_WARN_64_TO_32_BIT_CONVERSION = YES;
				GCC_WARN_ABOUT_RETURN_TYPE = YES_ERROR;
				GCC_WARN_UNDECLARED_SELECTOR = YES;
				GCC_WARN_UNINITIALIZED_AUTOS = YES_AGGRESSIVE;
				GCC_WARN_UNUSED_FUNCTION = YES;
				GCC_WARN_UNUSED_VARIABLE = YES;
				IPHONEOS_DEPLOYMENT_TARGET = 9.2;
				MTL_ENABLE_DEBUG_INFO = NO;
				SDKROOT = iphoneos;
				TARGETED_DEVICE_FAMILY = "1,2";
				VALIDATE_PRODUCT = YES;
			};
			name = Release;
		};
		4BB9D3391D10226D005E43CA /* Debug */ = {
			isa = XCBuildConfiguration;
			buildSettings = {
				ASSETCATALOG_COMPILER_APPICON_NAME = AppIcon;
				INFOPLIST_FILE = "网易新闻/Info.plist";
				LD_RUNPATH_SEARCH_PATHS = "$(inherited) @executable_path/Frameworks";
				PRODUCT_BUNDLE_IDENTIFIER = "com.lc.----";
				PRODUCT_NAME = "$(TARGET_NAME)";
			};
			name = Debug;
		};
		4BB9D33A1D10226D005E43CA /* Release */ = {
			isa = XCBuildConfiguration;
			buildSettings = {
				ASSETCATALOG_COMPILER_APPICON_NAME = AppIcon;
				INFOPLIST_FILE = "网易新闻/Info.plist";
				LD_RUNPATH_SEARCH_PATHS = "$(inherited) @executable_path/Frameworks";
				PRODUCT_BUNDLE_IDENTIFIER = "com.lc.----";
				PRODUCT_NAME = "$(TARGET_NAME)";
			};
			name = Release;
		};
/* End XCBuildConfiguration section */

/* Begin XCConfigurationList section */
		4BB9D31C1D10226C005E43CA /* Build configuration list for PBXProject "网易新闻" */ = {
			isa = XCConfigurationList;
			buildConfigurations = (
				4BB9D3361D10226D005E43CA /* Debug */,
				4BB9D3371D10226D005E43CA /* Release */,
			);
			defaultConfigurationIsVisible = 0;
			defaultConfigurationName = Release;
		};
		4BB9D3381D10226D005E43CA /* Build configuration list for PBXNativeTarget "网易新闻" */ = {
			isa = XCConfigurationList;
			buildConfigurations = (
				4BB9D3391D10226D005E43CA /* Debug */,
				4BB9D33A1D10226D005E43CA /* Release */,
			);
			defaultConfigurationIsVisible = 0;
		};
/* End XCConfigurationList section */
	};
	rootObject = 4BB9D3191D10226C005E43CA /* Project object */;
}
